
Microsoft Visual Studio Solution File, Format Version 12.00
# Visual Studio Version 17
VisualStudioVersion = 17.9.34728.123
MinimumVisualStudioVersion = 10.0.40219.1
Project("{2150E333-8FDC-42A3-9474-1A3956D46DE8}") = "1 - Presentation", "1 - Presentation", "{A259D78D-F71F-4EE0-9CB3-FBA5BE693C73}"
EndProject
Project("{2150E333-8FDC-42A3-9474-1A3956D46DE8}") = "2 - Domain", "2 - Domain", "{06C4D67C-A80C-4658-BEED-A8D706AF979C}"
EndProject
Project("{2150E333-8FDC-42A3-9474-1A3956D46DE8}") = "3 - Infra", "3 - Infra", "{C0DF8258-FA3E-4C0C-85D9-9B578D1756B8}"
EndProject
Project("{2150E333-8FDC-42A3-9474-1A3956D46DE8}") = "4 - CrossCutting", "4 - CrossCutting", "{658732C3-065F-4768-9DC0-F3B289218ACB}"
EndProject
Project("{2150E333-8FDC-42A3-9474-1A3956D46DE8}") = "0 - Consumer", "0 - Consumer", "{5332ABEA-683A-4150-B528-F6903053C22A}"
EndProject
Project("{2150E333-8FDC-42A3-9474-1A3956D46DE8}") = "5 - Tests", "5 - Tests", "{00C72108-2BF9-4F93-9768-A4784ADE1DEF}"
EndProject
Project("{9A19103F-16F7-4668-BE54-9A1E7A4F7556}") = "Dw.Rental.Test", "test\Dw.Rental.Test\Dw.Rental.Test.csproj", "{4AC3C5C1-E9A7-402E-8C12-A5DA2D548777}"
EndProject
Project("{9A19103F-16F7-4668-BE54-9A1E7A4F7556}") = "DW.Rental.Api", "src\DW.Rental.Api\DW.Rental.Api.csproj", "{541E8E67-A097-4A6C-821B-99630C947ECD}"
EndProject
Project("{9A19103F-16F7-4668-BE54-9A1E7A4F7556}") = "DW.Rental.IoC", "src\DW.Rental.IoC\DW.Rental.IoC.csproj", "{210A0C69-BCE2-4E74-9724-16BBEEADA1F2}"
EndProject
Project("{9A19103F-16F7-4668-BE54-9A1E7A4F7556}") = "DW.Rental.Shareable", "src\DW.Rental.Shareable\DW.Rental.Shareable.csproj", "{D68BAD6F-7F66-421F-A5C5-17E5AFBE0C4B}"
EndProject
Project("{9A19103F-16F7-4668-BE54-9A1E7A4F7556}") = "DW.Rental.Domain", "src\DW.Rental.Domain\DW.Rental.Domain.csproj", "{339FF9B7-22B0-4118-B237-5336FC7F23D1}"
EndProject
Project("{9A19103F-16F7-4668-BE54-9A1E7A4F7556}") = "DW.Rental.Bucket", "src\DW.Rental.Bucket\DW.Rental.Bucket.csproj", "{86542DC3-4271-4EBA-8016-BB384D782438}"
EndProject
Project("{9A19103F-16F7-4668-BE54-9A1E7A4F7556}") = "DW.Rental.Data", "src\DW.Rental.Data\DW.Rental.Data.csproj", "{0D999DC4-B899-4434-A286-3C21C857BC36}"
EndProject
Project("{9A19103F-16F7-4668-BE54-9A1E7A4F7556}") = "Dw.Rental.Consumer", "src\Dw.Rental.Consumer\Dw.Rental.Consumer.csproj", "{15FD9C0E-8169-48C6-86E6-A03F9D108A37}"
EndProject
Global
	GlobalSection(SolutionConfigurationPlatforms) = preSolution
		Debug|Any CPU = Debug|Any CPU
		Release|Any CPU = Release|Any CPU
	EndGlobalSection
	GlobalSection(ProjectConfigurationPlatforms) = postSolution
		{4AC3C5C1-E9A7-402E-8C12-A5DA2D548777}.Debug|Any CPU.ActiveCfg = Debug|Any CPU
		{4AC3C5C1-E9A7-402E-8C12-A5DA2D548777}.Debug|Any CPU.Build.0 = Debug|Any CPU
		{4AC3C5C1-E9A7-402E-8C12-A5DA2D548777}.Release|Any CPU.ActiveCfg = Release|Any CPU
		{4AC3C5C1-E9A7-402E-8C12-A5DA2D548777}.Release|Any CPU.Build.0 = Release|Any CPU
		{541E8E67-A097-4A6C-821B-99630C947ECD}.Debug|Any CPU.ActiveCfg = Debug|Any CPU
		{541E8E67-A097-4A6C-821B-99630C947ECD}.Debug|Any CPU.Build.0 = Debug|Any CPU
		{541E8E67-A097-4A6C-821B-99630C947ECD}.Release|Any CPU.ActiveCfg = Release|Any CPU
		{541E8E67-A097-4A6C-821B-99630C947ECD}.Release|Any CPU.Build.0 = Release|Any CPU
		{210A0C69-BCE2-4E74-9724-16BBEEADA1F2}.Debug|Any CPU.ActiveCfg = Debug|Any CPU
		{210A0C69-BCE2-4E74-9724-16BBEEADA1F2}.Debug|Any CPU.Build.0 = Debug|Any CPU
		{210A0C69-BCE2-4E74-9724-16BBEEADA1F2}.Release|Any CPU.ActiveCfg = Release|Any CPU
		{210A0C69-BCE2-4E74-9724-16BBEEADA1F2}.Release|Any CPU.Build.0 = Release|Any CPU
		{D68BAD6F-7F66-421F-A5C5-17E5AFBE0C4B}.Debug|Any CPU.ActiveCfg = Debug|Any CPU
		{D68BAD6F-7F66-421F-A5C5-17E5AFBE0C4B}.Debug|Any CPU.Build.0 = Debug|Any CPU
		{D68BAD6F-7F66-421F-A5C5-17E5AFBE0C4B}.Release|Any CPU.ActiveCfg = Release|Any CPU
		{D68BAD6F-7F66-421F-A5C5-17E5AFBE0C4B}.Release|Any CPU.Build.0 = Release|Any CPU
		{339FF9B7-22B0-4118-B237-5336FC7F23D1}.Debug|Any CPU.ActiveCfg = Debug|Any CPU
		{339FF9B7-22B0-4118-B237-5336FC7F23D1}.Debug|Any CPU.Build.0 = Debug|Any CPU
		{339FF9B7-22B0-4118-B237-5336FC7F23D1}.Release|Any CPU.ActiveCfg = Release|Any CPU
		{339FF9B7-22B0-4118-B237-5336FC7F23D1}.Release|Any CPU.Build.0 = Release|Any CPU
		{86542DC3-4271-4EBA-8016-BB384D782438}.Debug|Any CPU.ActiveCfg = Debug|Any CPU
		{86542DC3-4271-4EBA-8016-BB384D782438}.Debug|Any CPU.Build.0 = Debug|Any CPU
		{86542DC3-4271-4EBA-8016-BB384D782438}.Release|Any CPU.ActiveCfg = Release|Any CPU
		{86542DC3-4271-4EBA-8016-BB384D782438}.Release|Any CPU.Build.0 = Release|Any CPU
		{0D999DC4-B899-4434-A286-3C21C857BC36}.Debug|Any CPU.ActiveCfg = Debug|Any CPU
		{0D999DC4-B899-4434-A286-3C21C857BC36}.Debug|Any CPU.Build.0 = Debug|Any CPU
		{0D999DC4-B899-4434-A286-3C21C857BC36}.Release|Any CPU.ActiveCfg = Release|Any CPU
		{0D999DC4-B899-4434-A286-3C21C857BC36}.Release|Any CPU.Build.0 = Release|Any CPU
		{15FD9C0E-8169-48C6-86E6-A03F9D108A37}.Debug|Any CPU.ActiveCfg = Debug|Any CPU
		{15FD9C0E-8169-48C6-86E6-A03F9D108A37}.Debug|Any CPU.Build.0 = Debug|Any CPU
		{15FD9C0E-8169-48C6-86E6-A03F9D108A37}.Release|Any CPU.ActiveCfg = Release|Any CPU
		{15FD9C0E-8169-48C6-86E6-A03F9D108A37}.Release|Any CPU.Build.0 = Release|Any CPU
	EndGlobalSection
	GlobalSection(SolutionProperties) = preSolution
		HideSolutionNode = FALSE
	EndGlobalSection
	GlobalSection(NestedProjects) = preSolution
		{4AC3C5C1-E9A7-402E-8C12-A5DA2D548777} = {00C72108-2BF9-4F93-9768-A4784ADE1DEF}
		{541E8E67-A097-4A6C-821B-99630C947ECD} = {A259D78D-F71F-4EE0-9CB3-FBA5BE693C73}
		{210A0C69-BCE2-4E74-9724-16BBEEADA1F2} = {658732C3-065F-4768-9DC0-F3B289218ACB}
		{D68BAD6F-7F66-421F-A5C5-17E5AFBE0C4B} = {658732C3-065F-4768-9DC0-F3B289218ACB}
		{339FF9B7-22B0-4118-B237-5336FC7F23D1} = {06C4D67C-A80C-4658-BEED-A8D706AF979C}
		{86542DC3-4271-4EBA-8016-BB384D782438} = {C0DF8258-FA3E-4C0C-85D9-9B578D1756B8}
		{0D999DC4-B899-4434-A286-3C21C857BC36} = {C0DF8258-FA3E-4C0C-85D9-9B578D1756B8}
		{15FD9C0E-8169-48C6-86E6-A03F9D108A37} = {5332ABEA-683A-4150-B528-F6903053C22A}
	EndGlobalSection
	GlobalSection(ExtensibilityGlobals) = postSolution
		SolutionGuid = {07222D02-215B-413B-B1AE-A7920901A0F8}
	EndGlobalSection
EndGlobal
